
Microsoft Visual Studio Solution File, Format Version 12.00
# Visual Studio Version 17
VisualStudioVersion = 17.14.36221.1 d17.14
MinimumVisualStudioVersion = 10.0.40219.1
Project("{FAE04EC0-301F-11D3-BF4B-00C04F79EFBC}") = "AbstInterf", "AbstInterf.csproj", "{93EC008B-FDC6-4418-91AF-B5738B227460}"
EndProject
Global
	GlobalSection(SolutionConfigurationPlatforms) = preSolution
		Debug|Any CPU = Debug|Any CPU
		Release|Any CPU = Release|Any CPU
	EndGlobalSection
	GlobalSection(ProjectConfigurationPlatforms) = postSolution
		{93EC008B-FDC6-4418-91AF-B5738B227460}.Debug|Any CPU.ActiveCfg = Debug|Any CPU
		{93EC008B-FDC6-4418-91AF-B5738B227460}.Debug|Any CPU.Build.0 = Debug|Any CPU
		{93EC008B-FDC6-4418-91AF-B5738B227460}.Release|Any CPU.ActiveCfg = Release|Any CPU
		{93EC008B-FDC6-4418-91AF-B5738B227460}.Release|Any CPU.Build.0 = Release|Any CPU
	EndGlobalSection
	GlobalSection(SolutionProperties) = preSolution
		HideSolutionNode = FALSE
	EndGlobalSection
	GlobalSection(ExtensibilityGlobals) = postSolution
		SolutionGuid = {CF1783FA-B11A-41B8-AF82-01C809ECD535}
	EndGlobalSection
EndGlobal
