
Microsoft Visual Studio Solution File, Format Version 12.00
# Visual Studio Version 17
VisualStudioVersion = 17.14.36221.1 d17.14
MinimumVisualStudioVersion = 10.0.40219.1
Project("{FAE04EC0-301F-11D3-BF4B-00C04F79EFBC}") = "Delegate", "Delegate.csproj", "{24B2A7EE-404C-4C6D-B1A4-664C7A6A532E}"
EndProject
Global
	GlobalSection(SolutionConfigurationPlatforms) = preSolution
		Debug|Any CPU = Debug|Any CPU
		Release|Any CPU = Release|Any CPU
	EndGlobalSection
	GlobalSection(ProjectConfigurationPlatforms) = postSolution
		{24B2A7EE-404C-4C6D-B1A4-664C7A6A532E}.Debug|Any CPU.ActiveCfg = Debug|Any CPU
		{24B2A7EE-404C-4C6D-B1A4-664C7A6A532E}.Debug|Any CPU.Build.0 = Debug|Any CPU
		{24B2A7EE-404C-4C6D-B1A4-664C7A6A532E}.Release|Any CPU.ActiveCfg = Release|Any CPU
		{24B2A7EE-404C-4C6D-B1A4-664C7A6A532E}.Release|Any CPU.Build.0 = Release|Any CPU
	EndGlobalSection
	GlobalSection(SolutionProperties) = preSolution
		HideSolutionNode = FALSE
	EndGlobalSection
	GlobalSection(ExtensibilityGlobals) = postSolution
		SolutionGuid = {AF4B6F1B-617D-433C-9046-8A2DAEDB130A}
	EndGlobalSection
EndGlobal
