
Microsoft Visual Studio Solution File, Format Version 12.00
# Visual Studio Version 17
VisualStudioVersion = 17.14.36221.1 d17.14
MinimumVisualStudioVersion = 10.0.40219.1
Project("{FAE04EC0-301F-11D3-BF4B-00C04F79EFBC}") = "MakeList", "MakeList.csproj", "{40B222A0-D495-4766-9E39-986774CCBA24}"
EndProject
Global
	GlobalSection(SolutionConfigurationPlatforms) = preSolution
		Debug|Any CPU = Debug|Any CPU
		Release|Any CPU = Release|Any CPU
	EndGlobalSection
	GlobalSection(ProjectConfigurationPlatforms) = postSolution
		{40B222A0-D495-4766-9E39-986774CCBA24}.Debug|Any CPU.ActiveCfg = Debug|Any CPU
		{40B222A0-D495-4766-9E39-986774CCBA24}.Debug|Any CPU.Build.0 = Debug|Any CPU
		{40B222A0-D495-4766-9E39-986774CCBA24}.Release|Any CPU.ActiveCfg = Release|Any CPU
		{40B222A0-D495-4766-9E39-986774CCBA24}.Release|Any CPU.Build.0 = Release|Any CPU
	EndGlobalSection
	GlobalSection(SolutionProperties) = preSolution
		HideSolutionNode = FALSE
	EndGlobalSection
	GlobalSection(ExtensibilityGlobals) = postSolution
		SolutionGuid = {DBCB1A1A-CABE-42D0-99B2-4700487BF798}
	EndGlobalSection
EndGlobal
